{
  "version": 4,
  "terraform_version": "0.12.2",
  "serial": 413,
  "lineage": "cb75a64e-3ad1-af98-1281-b7165e2613a1",
  "outputs": {},
  "resources": [
    {
      "mode": "managed",
      "type": "aws_instance",
      "name": "inst1",
      "provider": "provider.aws",
      "instances": [
        {
          "schema_version": 1,
          "attributes": {
            "ami": "ami-00c03f7f7f2ec15c3",
            "arn": "arn:aws:ec2:us-east-2:700634832986:instance/i-05bc76c12e1adb676",
            "associate_public_ip_address": true,
            "availability_zone": "us-east-2a",
            "cpu_core_count": 1,
            "cpu_threads_per_core": 1,
            "credit_specification": [
              {
                "cpu_credits": "standard"
              }
            ],
            "disable_api_termination": false,
            "ebs_block_device": [],
            "ebs_optimized": false,
            "ephemeral_block_device": [],
            "get_password_data": false,
            "host_id": null,
            "iam_instance_profile": "",
            "id": "i-05bc76c12e1adb676",
            "instance_initiated_shutdown_behavior": null,
            "instance_state": "running",
            "instance_type": "t2.micro",
            "ipv6_address_count": 0,
            "ipv6_addresses": [],
            "key_name": "keypair",
            "monitoring": false,
            "network_interface": [],
            "network_interface_id": null,
            "password_data": "",
            "placement_group": "",
            "primary_network_interface_id": "eni-03df5640701d4c74c",
            "private_dns": "ip-10-0-0-95.us-east-2.compute.internal",
            "private_ip": "10.0.0.95",
            "public_dns": "ec2-13-59-249-132.us-east-2.compute.amazonaws.com",
            "public_ip": "13.59.249.132",
            "root_block_device": [
              {
                "delete_on_termination": true,
                "encrypted": false,
                "iops": 100,
                "kms_key_id": "",
                "volume_id": "vol-0a202c3ddd462a204",
                "volume_size": 8,
                "volume_type": "gp2"
              }
            ],
            "security_groups": [],
            "source_dest_check": false,
            "subnet_id": "subnet-07aa2aa9a3c146caa",
            "tags": {
              "Name": "Application-Instance"
            },
            "tenancy": "default",
            "timeouts": null,
            "user_data": "7b1e380fb8a080caaba245612b221241dcda9255",
            "user_data_base64": null,
            "volume_tags": {},
            "vpc_security_group_ids": [
              "sg-0489754d88010b512"
            ]
          },
          "private": "eyJlMmJmYjczMC1lY2FhLTExZTYtOGY4OC0zNDM2M2JjN2M0YzAiOnsiY3JlYXRlIjo2MDAwMDAwMDAwMDAsImRlbGV0ZSI6MTIwMDAwMDAwMDAwMCwidXBkYXRlIjo2MDAwMDAwMDAwMDB9LCJzY2hlbWFfdmVyc2lvbiI6IjEifQ==",
          "depends_on": [
            "aws_key_pair.default",
            "aws_security_group.sg",
            "aws_subnet.pub_1"
          ]
        }
      ]
    },
    {
      "mode": "managed",
      "type": "aws_internet_gateway",
      "name": "gw",
      "provider": "provider.aws",
      "instances": [
        {
          "schema_version": 0,
          "attributes": {
            "id": "igw-07a4da747e8af9e57",
            "owner_id": "700634832986",
            "tags": {
              "Name": "IGW-TERRAFORM"
            },
            "vpc_id": "vpc-09fdaee8b77b68f42"
          },
          "private": "bnVsbA==",
          "depends_on": [
            "aws_vpc.vpc1"
          ]
        }
      ]
    },
    {
      "mode": "managed",
      "type": "aws_key_pair",
      "name": "default",
      "provider": "provider.aws",
      "instances": [
        {
          "schema_version": 1,
          "attributes": {
            "fingerprint": "4c:12:6d:1e:97:63:ca:12:79:fc:bd:b7:d8:af:31:d1",
            "id": "keypair",
            "key_name": "keypair",
            "key_name_prefix": null,
            "public_key": "ssh-rsa AAAAB3NzaC1yc2EAAAADAQABAAACAQC+YC3IHj7N+Xw4oDYUNYiBkzjlR6Jr2zkctOOrC/6KAg/u/1Q9hZxyl+r1J9vbYRWaZw7/PjiNM55KAdktOVeE9gq4t7KLG3clbL4juWsF543FbpOlWGIItvOzWBHXUuKG9Q9rWQiH7oxmZJBax8F+wzFHffVgswA/6xefeYyjrCNmh1HwFL/bL7IT8x9DQjE61VXjESO//Nesclm7aShlnxDBQ+HDgRIYJni9KXQcTgiJaUEfyTDTVV/1Iaiz+PsmaaNX7IkJJ8gCH7mzoO0YxuAVJhGQ6wDZJqHmOlKh+JsoglTTZ+f6cy/rlI+z4ixZsHD4598FFrSGAyh9hPe3Hos5xcLBTK0XeKF+y09mR7URNyd5cAnpCL9qQJ9PWWxHnM/0RA8+mY4Os66g+jelHjIJTR5Kw7eF++LYYA7Pcb6VrveTqso6WV1bVr8/1XGpu2diYTVs1keXNKGz3Owr+W6FI1rz7ZBNeaj6YDvg7HuYTQ+tnrPDht+4Ax1oXWfxE5TR4jXkDRIVOiPT5isi+RWDY9lFQJPeKvs07ctYTHQfqKb+e2LY3OD7FxtoHssouOfycvapLp63u+YhPujKfhQ9F9wwjBHcS6s7Z8i/XnXAi0Ka/Uqfi6HgPHnFKSrzJeZSfUeDZqP2wwWnSmCAGvy2uGyIfW6DhxY3VrG3Rw=="
          },
          "private": "eyJzY2hlbWFfdmVyc2lvbiI6IjEifQ==",
          "depends_on": [
            "tls_private_key.superkey"
          ]
        }
      ]
    },
    {
      "mode": "managed",
      "type": "aws_route_table",
      "name": "rtb",
      "provider": "provider.aws",
      "instances": [
        {
          "schema_version": 0,
          "attributes": {
            "id": "rtb-0f183f8153b5f57c3",
            "owner_id": "700634832986",
            "propagating_vgws": [],
            "route": [
              {
                "cidr_block": "0.0.0.0/0",
                "egress_only_gateway_id": "",
                "gateway_id": "igw-07a4da747e8af9e57",
                "instance_id": "",
                "ipv6_cidr_block": "",
                "nat_gateway_id": "",
                "network_interface_id": "",
                "transit_gateway_id": "",
                "vpc_peering_connection_id": ""
              }
            ],
            "tags": {
              "Name": "Route-TERRAFORM"
            },
            "vpc_id": "vpc-09fdaee8b77b68f42"
          },
          "private": "bnVsbA==",
          "depends_on": [
            "aws_internet_gateway.gw",
            "aws_vpc.vpc1"
          ]
        }
      ]
    },
    {
      "mode": "managed",
      "type": "aws_route_table_association",
      "name": "rtb",
      "provider": "provider.aws",
      "instances": [
        {
          "schema_version": 0,
          "attributes": {
            "id": "rtbassoc-05041291b18e432a8",
            "route_table_id": "rtb-0f183f8153b5f57c3",
            "subnet_id": "subnet-07aa2aa9a3c146caa"
          },
          "private": "bnVsbA==",
          "depends_on": [
            "aws_route_table.rtb",
            "aws_subnet.pub_1"
          ]
        }
      ]
    },
    {
      "mode": "managed",
      "type": "aws_security_group",
      "name": "sg",
      "provider": "provider.aws",
      "instances": [
        {
          "schema_version": 1,
          "attributes": {
            "arn": "arn:aws:ec2:us-east-2:700634832986:security-group/sg-0489754d88010b512",
            "description": "Managed by Terraform",
            "egress": [
              {
                "cidr_blocks": [
                  "0.0.0.0/0"
                ],
                "description": "",
                "from_port": 0,
                "ipv6_cidr_blocks": [],
                "prefix_list_ids": [],
                "protocol": "-1",
                "security_groups": [],
                "self": false,
                "to_port": 0
              }
            ],
            "id": "sg-0489754d88010b512",
            "ingress": [
              {
                "cidr_blocks": [
                  "0.0.0.0/0"
                ],
                "description": "",
                "from_port": 0,
                "ipv6_cidr_blocks": [],
                "prefix_list_ids": [],
                "protocol": "-1",
                "security_groups": [],
                "self": false,
                "to_port": 0
              },
              {
                "cidr_blocks": [
                  "0.0.0.0/0"
                ],
                "description": "",
                "from_port": 22,
                "ipv6_cidr_blocks": [],
                "prefix_list_ids": [],
                "protocol": "tcp",
                "security_groups": [],
                "self": false,
                "to_port": 22
              },
              {
                "cidr_blocks": [
                  "0.0.0.0/0"
                ],
                "description": "",
                "from_port": 443,
                "ipv6_cidr_blocks": [],
                "prefix_list_ids": [],
                "protocol": "tcp",
                "security_groups": [],
                "self": false,
                "to_port": 443
              },
              {
                "cidr_blocks": [
                  "0.0.0.0/0"
                ],
                "description": "",
                "from_port": 80,
                "ipv6_cidr_blocks": [],
                "prefix_list_ids": [],
                "protocol": "tcp",
                "security_groups": [],
                "self": false,
                "to_port": 80
              }
            ],
            "name": "SG-TERRAFORM",
            "name_prefix": null,
            "owner_id": "700634832986",
            "revoke_rules_on_delete": false,
            "tags": {
              "Name": "SG-TERRAFORM"
            },
            "timeouts": null,
            "vpc_id": "vpc-09fdaee8b77b68f42"
          },
          "private": "eyJlMmJmYjczMC1lY2FhLTExZTYtOGY4OC0zNDM2M2JjN2M0YzAiOnsiY3JlYXRlIjo2MDAwMDAwMDAwMDAsImRlbGV0ZSI6NjAwMDAwMDAwMDAwfSwic2NoZW1hX3ZlcnNpb24iOiIxIn0=",
          "depends_on": [
            "aws_vpc.vpc1"
          ]
        }
      ]
    },
    {
      "mode": "managed",
      "type": "aws_subnet",
      "name": "priv-1",
      "provider": "provider.aws",
      "instances": [
        {
          "schema_version": 1,
          "attributes": {
            "arn": "arn:aws:ec2:us-east-2:700634832986:subnet/subnet-099ad438d7e6f4a24",
            "assign_ipv6_address_on_creation": false,
            "availability_zone": "us-east-2b",
            "availability_zone_id": "use2-az2",
            "cidr_block": "10.0.1.0/24",
            "id": "subnet-099ad438d7e6f4a24",
            "ipv6_cidr_block": "",
            "ipv6_cidr_block_association_id": "",
            "map_public_ip_on_launch": false,
            "owner_id": "700634832986",
            "tags": {
              "Name": "SubNet-B-TERRAFORM-PRIVATE"
            },
            "timeouts": null,
            "vpc_id": "vpc-09fdaee8b77b68f42"
          },
          "private": "eyJlMmJmYjczMC1lY2FhLTExZTYtOGY4OC0zNDM2M2JjN2M0YzAiOnsiY3JlYXRlIjo2MDAwMDAwMDAwMDAsImRlbGV0ZSI6MTIwMDAwMDAwMDAwMH0sInNjaGVtYV92ZXJzaW9uIjoiMSJ9",
          "depends_on": [
            "aws_vpc.vpc1"
          ]
        }
      ]
    },
    {
      "mode": "managed",
      "type": "aws_subnet",
      "name": "pub_1",
      "provider": "provider.aws",
      "instances": [
        {
          "schema_version": 1,
          "attributes": {
            "arn": "arn:aws:ec2:us-east-2:700634832986:subnet/subnet-07aa2aa9a3c146caa",
            "assign_ipv6_address_on_creation": false,
            "availability_zone": "us-east-2a",
            "availability_zone_id": "use2-az1",
            "cidr_block": "10.0.0.0/24",
            "id": "subnet-07aa2aa9a3c146caa",
            "ipv6_cidr_block": "",
            "ipv6_cidr_block_association_id": "",
            "map_public_ip_on_launch": true,
            "owner_id": "700634832986",
            "tags": {
              "Name": "SubNet-A-TERRAFORM"
            },
            "timeouts": null,
            "vpc_id": "vpc-09fdaee8b77b68f42"
          },
          "private": "eyJlMmJmYjczMC1lY2FhLTExZTYtOGY4OC0zNDM2M2JjN2M0YzAiOnsiY3JlYXRlIjo2MDAwMDAwMDAwMDAsImRlbGV0ZSI6MTIwMDAwMDAwMDAwMH0sInNjaGVtYV92ZXJzaW9uIjoiMSJ9",
          "depends_on": [
            "aws_vpc.vpc1"
          ]
        }
      ]
    },
    {
      "mode": "managed",
      "type": "aws_vpc",
      "name": "vpc1",
      "provider": "provider.aws",
      "instances": [
        {
          "schema_version": 1,
          "attributes": {
            "arn": "arn:aws:ec2:us-east-2:700634832986:vpc/vpc-09fdaee8b77b68f42",
            "assign_generated_ipv6_cidr_block": false,
            "cidr_block": "10.0.0.0/16",
            "default_network_acl_id": "acl-08ed20255008f1b00",
            "default_route_table_id": "rtb-0f7d6ab623015d68f",
            "default_security_group_id": "sg-085302a6b3bd5220d",
            "dhcp_options_id": "dopt-86f805ed",
            "enable_classiclink": null,
            "enable_classiclink_dns_support": null,
            "enable_dns_hostnames": true,
            "enable_dns_support": true,
            "id": "vpc-09fdaee8b77b68f42",
            "instance_tenancy": "default",
            "ipv6_association_id": "",
            "ipv6_cidr_block": "",
            "main_route_table_id": "rtb-0f7d6ab623015d68f",
            "owner_id": "700634832986",
            "tags": {
              "Name": "VPC-TERRAFORM"
            }
          },
          "private": "eyJzY2hlbWFfdmVyc2lvbiI6IjEifQ=="
        }
      ]
    },
    {
      "mode": "managed",
      "type": "tls_private_key",
      "name": "superkey",
      "provider": "provider.tls",
      "instances": [
        {
          "schema_version": 0,
          "attributes": {
            "algorithm": "RSA",
            "ecdsa_curve": "P224",
            "id": "a5dea0460a93f58ccd7239b1e9dab8a17604d64e",
            "private_key_pem": "-----BEGIN RSA PRIVATE KEY-----\nMIIJKQIBAAKCAgEAvmAtyB4+zfl8OKA2FDWIgZM45Ueia9s5HLTjqwv+igIP7v9U\nPYWccpfq9Sfb22EVmmcO/z44jTOeSgHZLTlXhPYKuLeyixt3JWy+I7lrBeeNxW6T\npVhiCLbzs1gR11LihvUPa1kIh+6MZmSQWsfBfsMxR331YLMAP+sXn3mMo6wjZodR\n8BS/2y+yE/MfQ0IxOtVV4xEjv/zXrHJZu2koZZ8QwUPhw4ESGCZ4vSl0HE4IiWlB\nH8kw01Vf9SGos/j7JmmjV+yJCSfIAh+5s6DtGMbgFSYRkOsA2Sah5jpSofibKIJU\n02fn+nMv65SPs+IsWbBw+OffBRa0hgMofYT3tx6LOcXCwUytF3ihfstPZke1ETcn\neXAJ6Qi/akCfT1lsR5zP9EQPPpmODrOuoPo3pR4yCU0eSsO3hfvi2GAOz3G+la73\nk6rKOlldW1a/P9VxqbtnYmE1bNZHlzShs9zsK/luhSNa8+2QTXmo+mA74Ox7mE0P\nrZ6zw4bfuAMdaF1n8ROU0eI15A0SFToj0+YrIvkVg2PZRUCT3ir7NO3LWEx0H6im\n/nti2Nzg+xcbaB7LKLjn8nL2qS6et7vmIT7oyn4UPRfcMIwR3EurO2fIv151wItC\nmv1Kn4uh4Dx5xSkq8yXmUn1Hg2aj9sMFp0pggBr8trhsiH1ug4cWN1axt0cCAwEA\nAQKCAgBiMWOLw6XrQZKD9obON6p4AwKmqCMrdIBpwRdo4x/f+R5UzJebv+2o4ZjL\n6EorRlEJObzvhB1RH122mGt3OwtcRjfTfNR3kawLvqH39SwxeHSUb+txrjuqeQsL\n5xIUuOikaYQRf3O6AR2jtp0KZdv00SL62AoXXVx0m4Ksu9oBlckQmh12Mo2etWQp\njA4E+ABCc0UAgJeq7/QiOzzzQFMYz0mqFaQ93bYChN1j3BzKeKlIjuSLS4+GgZOj\n8T99zJ9l+bjJofQwp7cu+UQkVY3VaMatwdvvnnbqilWZVV3Hs138L/UmsYJimMUP\nwqm4Q6FShYJPr/FFQ6fLM5fP3iSSCE+8CvxbihyspjabmfkJ1iSgj5eC5kjb9xdp\no2guSVo0FEbi0rg+HeAbWxijnpmYORGM8IZW9rm/ksQgOAhv5TX9qdomhfDanhrC\n2hzrPoSqUpEQ9Nf7rc0KzJgABjQvBc/zBYneoYfPep+oBIjo6DT1tTscSfcUXB1Z\nZmeIFnVyUA3MeGFr2g3TKEp7/+MWrDPWiDkxZ4y3XelTcdWq84E+eFFU2y1n+w0e\nlG32fYdyle6hgY8685S0uZZZzyNbsVvuUk1hvgg/ukU5wRS/oXR95FWD87+kEC7e\nrQgkY41YMvBYX/cu+5vJVqAunEV7B4cjJ0EW5+BMZA6KP7hCoQKCAQEA3K9gTR5Y\nVs8sJ1R4nnL17VaNzGR0kda1KdhYGotzuaP5y6rqm1Pao6nGWe0qKc6ZpnGp4b6Q\n0UMRS7mBbSNKb+5cEzluyH3yEgJLPh0O7IuANMU+EBny1KYem/ruxkstktYKxgoH\nAV5+C3xSEYmqRHE/pbEDcfZJ76h1aycZkAdxFpuUZvODUiYEWMkxIa9ReDAkfRf8\nQuIU79pid6X4cb3Isr72ag3MExk9P6j/v9F+tpxvedsswp2phaYBxYS501OJEBLN\nswxA6uP2MH2skA7orWtaxIf7dm+mq2KRBhdMAlAo8vVjDm6qyfDRVRwWS9XdxMnp\npRZ7sANpK00XlwKCAQEA3Nckz/9DR5yCr5I+057Bf9xt3J49SHCioWeVigYPyuLK\nxczWohzIxIjui4MlSSoz9QfToYsnzgWgQN3dRIJ6gW6JwAkOZe8gacniGNULAnt6\ne47quP2agzguwHsc3H6lrA7dbVOuTbpH6wynyn1fDSzX4jc0NmxwMsYDRnGY6DCf\nkpVIrGc4XGUOJTx2LFP2pfaf6uoy6MLPu076h9Qq6mzk4yvqzPdUSrErGtpImOlR\n76+NLjDJK8rzGOk1dpw2+4CFonkxM6D7gHz2Bv6brUSEuIBcPau/kU7MytSvKt8o\nHhthtYWvir0ra3rHL8zvTbUwnf6eoC+1WWFK6jDT0QKCAQB9HCe6ULPAMx9TBL6F\nBaOKdAFbmK/FZjW6jV4VXm2zFtUss67hdD6FfmBm5t96aBgPlmy7ADBVknIhvf80\nAkfXAQjOFUdK/qvXrdk+U3b8f3GleRTgR/W0vKCpyS7I2CH0Fshw0Yp7KjjHBin4\nq1UODC4LHzlWyEvORHCc2MPTNYTVTkppuy/9yHO6agUilaPYQWLOUGTA/i7kc6hT\nMJKS2QcI3t4P7dZ+FVb12jdzZa8yk6lXKfxMMNnEXQKwGbjHp5oStLZNBWtgPvB5\nOSY1XV5nwm7o8DaNRGr2yqBxFZAP16X/Z0JLEk5cwdvLJms1fv+E6vs8jmx8stJS\nrBftAoIBAQCCOOc/M2GD97lkOFONy/6EHAI4ZqLydWCg1ojqc7qaQ3OYgbpKq7iD\nk88+Ox4gb59lrLDRgFH/fXfK6EkSnfIJIppdv7layFAPsXj+dZnhY9iMxXCJlxmm\nqNmArNgO+StOMxHE5uRQdzjzVGoY0CbdiQTgIvdJ5FWgyvyhbFjjCdD+ycKpztAA\nQ6K8uFNivjwiDzSrfGB6um1uIRtAPw7zXzT09C+nn2x4AtLNKcxHRsYHFTil9SSb\nCzigBtx8zY7qbRXgAaDOte24DXeyFi7MVCwC88Xwo7b5w0KllBaarC5m2nSaanNh\n1zykSyjreefepao+cCcvhBJm2yUmxZYRAoIBAQDWYV9VqA2GbdtlYgweJyU8bZdn\nYBR8XxFRT8pyzDDfKj6kdtrrocQrVlZxQbFdz8wzNDN29lyDuoqXb3CBFeed8RtP\nMyyIr+mccGdXId2/aocISS/VsgEiT5hIlHywGMP45cfQdq4b6zY8K9UtsMTwiz2M\nEWGPf49UdRE6nhv05YQtpsEP0YkdX6FK4nWl4UaXUnGVUrfY5IFLXsDPc75Zhe87\nFVxG7tqGabv3+jTQwU5lDWrOWUPYS0Vv4RO0TDjcUbMfBM/8XyrYKVV1efa+rV3f\nk+94Uc2xgY5+xYRqj+oYGdApfTgbobPu1882HXef6nKHst/T9qRzXiKU+9Ys\n-----END RSA PRIVATE KEY-----\n",
            "public_key_fingerprint_md5": "b1:37:72:a4:04:af:86:5d:e4:03:09:2f:e2:d1:ff:90",
            "public_key_openssh": "ssh-rsa AAAAB3NzaC1yc2EAAAADAQABAAACAQC+YC3IHj7N+Xw4oDYUNYiBkzjlR6Jr2zkctOOrC/6KAg/u/1Q9hZxyl+r1J9vbYRWaZw7/PjiNM55KAdktOVeE9gq4t7KLG3clbL4juWsF543FbpOlWGIItvOzWBHXUuKG9Q9rWQiH7oxmZJBax8F+wzFHffVgswA/6xefeYyjrCNmh1HwFL/bL7IT8x9DQjE61VXjESO//Nesclm7aShlnxDBQ+HDgRIYJni9KXQcTgiJaUEfyTDTVV/1Iaiz+PsmaaNX7IkJJ8gCH7mzoO0YxuAVJhGQ6wDZJqHmOlKh+JsoglTTZ+f6cy/rlI+z4ixZsHD4598FFrSGAyh9hPe3Hos5xcLBTK0XeKF+y09mR7URNyd5cAnpCL9qQJ9PWWxHnM/0RA8+mY4Os66g+jelHjIJTR5Kw7eF++LYYA7Pcb6VrveTqso6WV1bVr8/1XGpu2diYTVs1keXNKGz3Owr+W6FI1rz7ZBNeaj6YDvg7HuYTQ+tnrPDht+4Ax1oXWfxE5TR4jXkDRIVOiPT5isi+RWDY9lFQJPeKvs07ctYTHQfqKb+e2LY3OD7FxtoHssouOfycvapLp63u+YhPujKfhQ9F9wwjBHcS6s7Z8i/XnXAi0Ka/Uqfi6HgPHnFKSrzJeZSfUeDZqP2wwWnSmCAGvy2uGyIfW6DhxY3VrG3Rw==\n",
            "public_key_pem": "-----BEGIN PUBLIC KEY-----\nMIICIjANBgkqhkiG9w0BAQEFAAOCAg8AMIICCgKCAgEAvmAtyB4+zfl8OKA2FDWI\ngZM45Ueia9s5HLTjqwv+igIP7v9UPYWccpfq9Sfb22EVmmcO/z44jTOeSgHZLTlX\nhPYKuLeyixt3JWy+I7lrBeeNxW6TpVhiCLbzs1gR11LihvUPa1kIh+6MZmSQWsfB\nfsMxR331YLMAP+sXn3mMo6wjZodR8BS/2y+yE/MfQ0IxOtVV4xEjv/zXrHJZu2ko\nZZ8QwUPhw4ESGCZ4vSl0HE4IiWlBH8kw01Vf9SGos/j7JmmjV+yJCSfIAh+5s6Dt\nGMbgFSYRkOsA2Sah5jpSofibKIJU02fn+nMv65SPs+IsWbBw+OffBRa0hgMofYT3\ntx6LOcXCwUytF3ihfstPZke1ETcneXAJ6Qi/akCfT1lsR5zP9EQPPpmODrOuoPo3\npR4yCU0eSsO3hfvi2GAOz3G+la73k6rKOlldW1a/P9VxqbtnYmE1bNZHlzShs9zs\nK/luhSNa8+2QTXmo+mA74Ox7mE0PrZ6zw4bfuAMdaF1n8ROU0eI15A0SFToj0+Yr\nIvkVg2PZRUCT3ir7NO3LWEx0H6im/nti2Nzg+xcbaB7LKLjn8nL2qS6et7vmIT7o\nyn4UPRfcMIwR3EurO2fIv151wItCmv1Kn4uh4Dx5xSkq8yXmUn1Hg2aj9sMFp0pg\ngBr8trhsiH1ug4cWN1axt0cCAwEAAQ==\n-----END PUBLIC KEY-----\n",
            "rsa_bits": 4096
          },
          "private": "bnVsbA=="
        }
      ]
    }
  ]
}
